// !$*UTF8*$!
{
	archiveVersion = 1;
	classes = {
	};
	objectVersion = 46;
	objects = {

/* Begin PBXBuildFile section */
		855B049F187E2725008EDE5D /* Foundation.framework in Frameworks */ = {isa = PBXBuildFile; fileRef = 855B049E187E2725008EDE5D /* Foundation.framework */; };
		855B04A1187E2725008EDE5D /* CoreGraphics.framework in Frameworks */ = {isa = PBXBuildFile; fileRef = 855B04A0187E2725008EDE5D /* CoreGraphics.framework */; };
		855B04A3187E2725008EDE5D /* UIKit.framework in Frameworks */ = {isa = PBXBuildFile; fileRef = 855B04A2187E2725008EDE5D /* UIKit.framework */; };
		855B04A9187E2726008EDE5D /* InfoPlist.strings in Resources */ = {isa = PBXBuildFile; fileRef = 855B04A7187E2726008EDE5D /* InfoPlist.strings */; };
		855B04AB187E2726008EDE5D /* main.m in Sources */ = {isa = PBXBuildFile; fileRef = 855B04AA187E2726008EDE5D /* main.m */; };
		855B04AF187E2726008EDE5D /* AppDelegate.m in Sources */ = {isa = PBXBuildFile; fileRef = 855B04AE187E2726008EDE5D /* AppDelegate.m */; };
		855B04B2187E2726008EDE5D /* Main.storyboard in Resources */ = {isa = PBXBuildFile; fileRef = 855B04B0187E2726008EDE5D /* Main.storyboard */; };
		855B04B5187E2726008EDE5D /* CrazyDragController.m in Sources */ = {isa = PBXBuildFile; fileRef = 855B04B4187E2726008EDE5D /* CrazyDragController.m */; };
		855B04B7187E2726008EDE5D /* Images.xcassets in Resources */ = {isa = PBXBuildFile; fileRef = 855B04B6187E2726008EDE5D /* Images.xcassets */; };
		855B04BE187E2727008EDE5D /* XCTest.framework in Frameworks */ = {isa = PBXBuildFile; fileRef = 855B04BD187E2727008EDE5D /* XCTest.framework */; };
		855B04BF187E2727008EDE5D /* Foundation.framework in Frameworks */ = {isa = PBXBuildFile; fileRef = 855B049E187E2725008EDE5D /* Foundation.framework */; };
		855B04C0187E2727008EDE5D /* UIKit.framework in Frameworks */ = {isa = PBXBuildFile; fileRef = 855B04A2187E2725008EDE5D /* UIKit.framework */; };
		855B04C8187E2727008EDE5D /* InfoPlist.strings in Resources */ = {isa = PBXBuildFile; fileRef = 855B04C6187E2727008EDE5D /* InfoPlist.strings */; };
		855B04CA187E2727008EDE5D /* hitmeTests.m in Sources */ = {isa = PBXBuildFile; fileRef = 855B04C9187E2727008EDE5D /* hitmeTests.m */; };
/* End PBXBuildFile section */

/* Begin PBXContainerItemProxy section */
		855B04C1187E2727008EDE5D /* PBXContainerItemProxy */ = {
			isa = PBXContainerItemProxy;
			containerPortal = 855B0493187E2725008EDE5D /* Project object */;
			proxyType = 1;
			remoteGlobalIDString = 855B049A187E2725008EDE5D;
			remoteInfo = hitme;
		};
/* End PBXContainerItemProxy section */

/* Begin PBXFileReference section */
		855B049B187E2725008EDE5D /* hitme.app */ = {isa = PBXFileReference; explicitFileType = wrapper.application; includeInIndex = 0; path = hitme.app; sourceTree = BUILT_PRODUCTS_DIR; };
		855B049E187E2725008EDE5D /* Foundation.framework */ = {isa = PBXFileReference; lastKnownFileType = wrapper.framework; name = Foundation.framework; path = System/Library/Frameworks/Foundation.framework; sourceTree = SDKROOT; };
		855B04A0187E2725008EDE5D /* CoreGraphics.framework */ = {isa = PBXFileReference; lastKnownFileType = wrapper.framework; name = CoreGraphics.framework; path = System/Library/Frameworks/CoreGraphics.framework; sourceTree = SDKROOT; };
		855B04A2187E2725008EDE5D /* UIKit.framework */ = {isa = PBXFileReference; lastKnownFileType = wrapper.framework; name = UIKit.framework; path = System/Library/Frameworks/UIKit.framework; sourceTree = SDKROOT; };
		855B04A6187E2726008EDE5D /* hitme-Info.plist */ = {isa = PBXFileReference; lastKnownFileType = text.plist.xml; path = "hitme-Info.plist"; sourceTree = "<group>"; };
		855B04A8187E2726008EDE5D /* en */ = {isa = PBXFileReference; lastKnownFileType = text.plist.strings; name = en; path = en.lproj/InfoPlist.strings; sourceTree = "<group>"; };
		855B04AA187E2726008EDE5D /* main.m */ = {isa = PBXFileReference; lastKnownFileType = sourcecode.c.objc; path = main.m; sourceTree = "<group>"; };
		855B04AC187E2726008EDE5D /* hitme-Prefix.pch */ = {isa = PBXFileReference; lastKnownFileType = sourcecode.c.h; path = "hitme-Prefix.pch"; sourceTree = "<group>"; };
		855B04AD187E2726008EDE5D /* AppDelegate.h */ = {isa = PBXFileReference; lastKnownFileType = sourcecode.c.h; path = AppDelegate.h; sourceTree = "<group>"; };
		855B04AE187E2726008EDE5D /* AppDelegate.m */ = {isa = PBXFileReference; lastKnownFileType = sourcecode.c.objc; path = AppDelegate.m; sourceTree = "<group>"; };
		855B04B1187E2726008EDE5D /* Base */ = {isa = PBXFileReference; lastKnownFileType = file.storyboard; name = Base; path = Base.lproj/Main.storyboard; sourceTree = "<group>"; };
		855B04B3187E2726008EDE5D /* CrazyDragController.h */ = {isa = PBXFileReference; lastKnownFileType = sourcecode.c.h; path = CrazyDragController.h; sourceTree = "<group>"; };
		855B04B4187E2726008EDE5D /* CrazyDragController.m */ = {isa = PBXFileReference; lastKnownFileType = sourcecode.c.objc; path = CrazyDragController.m; sourceTree = "<group>"; };
		855B04B6187E2726008EDE5D /* Images.xcassets */ = {isa = PBXFileReference; lastKnownFileType = folder.assetcatalog; path = Images.xcassets; sourceTree = "<group>"; };
		855B04BC187E2727008EDE5D /* hitmeTests.xctest */ = {isa = PBXFileReference; explicitFileType = wrapper.cfbundle; includeInIndex = 0; path = hitmeTests.xctest; sourceTree = BUILT_PRODUCTS_DIR; };
		855B04BD187E2727008EDE5D /* XCTest.framework */ = {isa = PBXFileReference; lastKnownFileType = wrapper.framework; name = XCTest.framework; path = Library/Frameworks/XCTest.framework; sourceTree = DEVELOPER_DIR; };
		855B04C5187E2727008EDE5D /* hitmeTests-Info.plist */ = {isa = PBXFileReference; lastKnownFileType = text.plist.xml; path = "hitmeTests-Info.plist"; sourceTree = "<group>"; };
		855B04C7187E2727008EDE5D /* en */ = {isa = PBXFileReference; lastKnownFileType = text.plist.strings; name = en; path = en.lproj/InfoPlist.strings; sourceTree = "<group>"; };
		855B04C9187E2727008EDE5D /* hitmeTests.m */ = {isa = PBXFileReference; lastKnownFileType = sourcecode.c.objc; path = hitmeTests.m; sourceTree = "<group>"; };
/* End PBXFileReference section */

/* Begin PBXFrameworksBuildPhase section */
		855B0498187E2725008EDE5D /* Frameworks */ = {
			isa = PBXFrameworksBuildPhase;
			buildActionMask = 2147483647;
			files = (
				855B04A1187E2725008EDE5D /* CoreGraphics.framework in Frameworks */,
				855B04A3187E2725008EDE5D /* UIKit.framework in Frameworks */,
				855B049F187E2725008EDE5D /* Foundation.framework in Frameworks */,
			);
			runOnlyForDeploymentPostprocessing = 0;
		};
		855B04B9187E2727008EDE5D /* Frameworks */ = {
			isa = PBXFrameworksBuildPhase;
			buildActionMask = 2147483647;
			files = (
				855B04BE187E2727008EDE5D /* XCTest.framework in Frameworks */,
				855B04C0187E2727008EDE5D /* UIKit.framework in Frameworks */,
				855B04BF187E2727008EDE5D /* Foundation.framework in Frameworks */,
			);
			runOnlyForDeploymentPostprocessing = 0;
		};
/* End PBXFrameworksBuildPhase section */

/* Begin PBXGroup section */
		855B0492187E2725008EDE5D = {
			isa = PBXGroup;
			children = (
				855B04A4187E2726008EDE5D /* hitme */,
				855B04C3187E2727008EDE5D /* hitmeTests */,
				855B049D187E2725008EDE5D /* Frameworks */,
				855B049C187E2725008EDE5D /* Products */,
			);
			sourceTree = "<group>";
		};
		855B049C187E2725008EDE5D /* Products */ = {
			isa = PBXGroup;
			children = (
				855B049B187E2725008EDE5D /* hitme.app */,
				855B04BC187E2727008EDE5D /* hitmeTests.xctest */,
			);
			name = Products;
			sourceTree = "<group>";
		};
		855B049D187E2725008EDE5D /* Frameworks */ = {
			isa = PBXGroup;
			children = (
				855B049E187E2725008EDE5D /* Foundation.framework */,
				855B04A0187E2725008EDE5D /* CoreGraphics.framework */,
				855B04A2187E2725008EDE5D /* UIKit.framework */,
				855B04BD187E2727008EDE5D /* XCTest.framework */,
			);
			name = Frameworks;
			sourceTree = "<group>";
		};
		855B04A4187E2726008EDE5D /* hitme */ = {
			isa = PBXGroup;
			children = (
				855B04AD187E2726008EDE5D /* AppDelegate.h */,
				855B04AE187E2726008EDE5D /* AppDelegate.m */,
				855B04B0187E2726008EDE5D /* Main.storyboard */,
				855B04B3187E2726008EDE5D /* CrazyDragController.h */,
				855B04B4187E2726008EDE5D /* CrazyDragController.m */,
				855B04B6187E2726008EDE5D /* Images.xcassets */,
				855B04A5187E2726008EDE5D /* Supporting Files */,
			);
			path = hitme;
			sourceTree = "<group>";
		};
		855B04A5187E2726008EDE5D /* Supporting Files */ = {
			isa = PBXGroup;
			children = (
				855B04A6187E2726008EDE5D /* hitme-Info.plist */,
				855B04A7187E2726008EDE5D /* InfoPlist.strings */,
				855B04AA187E2726008EDE5D /* main.m */,
				855B04AC187E2726008EDE5D /* hitme-Prefix.pch */,
			);
			name = "Supporting Files";
			sourceTree = "<group>";
		};
		855B04C3187E2727008EDE5D /* hitmeTests */ = {
			isa = PBXGroup;
			children = (
				855B04C9187E2727008EDE5D /* hitmeTests.m */,
				855B04C4187E2727008EDE5D /* Supporting Files */,
			);
			path = hitmeTests;
			sourceTree = "<group>";
		};
		855B04C4187E2727008EDE5D /* Supporting Files */ = {
			isa = PBXGroup;
			children = (
				855B04C5187E2727008EDE5D /* hitmeTests-Info.plist */,
				855B04C6187E2727008EDE5D /* InfoPlist.strings */,
			);
			name = "Supporting Files";
			sourceTree = "<group>";
		};
/* End PBXGroup section */

/* Begin PBXNativeTarget section */
		855B049A187E2725008EDE5D /* hitme */ = {
			isa = PBXNativeTarget;
			buildConfigurationList = 855B04CD187E2727008EDE5D /* Build configuration list for PBXNativeTarget "hitme" */;
			buildPhases = (
				855B0497187E2725008EDE5D /* Sources */,
				855B0498187E2725008EDE5D /* Frameworks */,
				855B0499187E2725008EDE5D /* Resources */,
			);
			buildRules = (
			);
			dependencies = (
			);
			name = hitme;
			productName = hitme;
			productReference = 855B049B187E2725008EDE5D /* hitme.app */;
			productType = "com.apple.product-type.application";
		};
		855B04BB187E2727008EDE5D /* hitmeTests */ = {
			isa = PBXNativeTarget;
			buildConfigurationList = 855B04D0187E2727008EDE5D /* Build configuration list for PBXNativeTarget "hitmeTests" */;
			buildPhases = (
				855B04B8187E2727008EDE5D /* Sources */,
				855B04B9187E2727008EDE5D /* Frameworks */,
				855B04BA187E2727008EDE5D /* Resources */,
			);
			buildRules = (
			);
			dependencies = (
				855B04C2187E2727008EDE5D /* PBXTargetDependency */,
			);
			name = hitmeTests;
			productName = hitmeTests;
			productReference = 855B04BC187E2727008EDE5D /* hitmeTests.xctest */;
			productType = "com.apple.product-type.bundle.unit-test";
		};
/* End PBXNativeTarget section */

/* Begin PBXProject section */
		855B0493187E2725008EDE5D /* Project object */ = {
			isa = PBXProject;
			attributes = {
				LastUpgradeCheck = 0500;
				ORGANIZATIONNAME = "US Asia Internet";
				TargetAttributes = {
					855B04BB187E2727008EDE5D = {
						TestTargetID = 855B049A187E2725008EDE5D;
					};
				};
			};
			buildConfigurationList = 855B0496187E2725008EDE5D /* Build configuration list for PBXProject "hitme" */;
			compatibilityVersion = "Xcode 3.2";
			developmentRegion = English;
			hasScannedForEncodings = 0;
			knownRegions = (
				en,
				Base,
			);
			mainGroup = 855B0492187E2725008EDE5D;
			productRefGroup = 855B049C187E2725008EDE5D /* Products */;
			projectDirPath = "";
			projectRoot = "";
			targets = (
				855B049A187E2725008EDE5D /* hitme */,
				855B04BB187E2727008EDE5D /* hitmeTests */,
			);
		};
/* End PBXProject section */

/* Begin PBXResourcesBuildPhase section */
		855B0499187E2725008EDE5D /* Resources */ = {
			isa = PBXResourcesBuildPhase;
			buildActionMask = 2147483647;
			files = (
				855B04B7187E2726008EDE5D /* Images.xcassets in Resources */,
				855B04A9187E2726008EDE5D /* InfoPlist.strings in Resources */,
				855B04B2187E2726008EDE5D /* Main.storyboard in Resources */,
			);
			runOnlyForDeploymentPostprocessing = 0;
		};
		855B04BA187E2727008EDE5D /* Resources */ = {
			isa = PBXResourcesBuildPhase;
			buildActionMask = 2147483647;
			files = (
				855B04C8187E2727008EDE5D /* InfoPlist.strings in Resources */,
			);
			runOnlyForDeploymentPostprocessing = 0;
		};
/* End PBXResourcesBuildPhase section */

/* Begin PBXSourcesBuildPhase section */
		855B0497187E2725008EDE5D /* Sources */ = {
			isa = PBXSourcesBuildPhase;
			buildActionMask = 2147483647;
			files = (
				855B04B5187E2726008EDE5D /* CrazyDragController.m in Sources */,
				855B04AF187E2726008EDE5D /* AppDelegate.m in Sources */,
				855B04AB187E2726008EDE5D /* main.m in Sources */,
			);
			runOnlyForDeploymentPostprocessing = 0;
		};
		855B04B8187E2727008EDE5D /* Sources */ = {
			isa = PBXSourcesBuildPhase;
			buildActionMask = 2147483647;
			files = (
				855B04CA187E2727008EDE5D /* hitmeTests.m in Sources */,
			);
			runOnlyForDeploymentPostprocessing = 0;
		};
/* End PBXSourcesBuildPhase section */

/* Begin PBXTargetDependency section */
		855B04C2187E2727008EDE5D /* PBXTargetDependency */ = {
			isa = PBXTargetDependency;
			target = 855B049A187E2725008EDE5D /* hitme */;
			targetProxy = 855B04C1187E2727008EDE5D /* PBXContainerItemProxy */;
		};
/* End PBXTargetDependency section */

/* Begin PBXVariantGroup section */
		855B04A7187E2726008EDE5D /* InfoPlist.strings */ = {
			isa = PBXVariantGroup;
			children = (
				855B04A8187E2726008EDE5D /* en */,
			);
			name = InfoPlist.strings;
			sourceTree = "<group>";
		};
		855B04B0187E2726008EDE5D /* Main.storyboard */ = {
			isa = PBXVariantGroup;
			children = (
				855B04B1187E2726008EDE5D /* Base */,
			);
			name = Main.storyboard;
			sourceTree = "<group>";
		};
		855B04C6187E2727008EDE5D /* InfoPlist.strings */ = {
			isa = PBXVariantGroup;
			children = (
				855B04C7187E2727008EDE5D /* en */,
			);
			name = InfoPlist.strings;
			sourceTree = "<group>";
		};
/* End PBXVariantGroup section */

/* Begin XCBuildConfiguration section */
		855B04CB187E2727008EDE5D /* Debug */ = {
			isa = XCBuildConfiguration;
			buildSettings = {
				ALWAYS_SEARCH_USER_PATHS = NO;
				ARCHS = "$(ARCHS_STANDARD_INCLUDING_64_BIT)";
				CLANG_CXX_LANGUAGE_STANDARD = "gnu++0x";
				CLANG_CXX_LIBRARY = "libc++";
				CLANG_ENABLE_MODULES = YES;
				CLANG_ENABLE_OBJC_ARC = YES;
				CLANG_WARN_BOOL_CONVERSION = YES;
				CLANG_WARN_CONSTANT_CONVERSION = YES;
				CLANG_WARN_DIRECT_OBJC_ISA_USAGE = YES_ERROR;
				CLANG_WARN_EMPTY_BODY = YES;
				CLANG_WARN_ENUM_CONVERSION = YES;
				CLANG_WARN_INT_CONVERSION = YES;
				CLANG_WARN_OBJC_ROOT_CLASS = YES_ERROR;
				CLANG_WARN__DUPLICATE_METHOD_MATCH = YES;
				"CODE_SIGN_IDENTITY[sdk=iphoneos*]" = "iPhone Developer";
				COPY_PHASE_STRIP = NO;
				GCC_C_LANGUAGE_STANDARD = gnu99;
				GCC_DYNAMIC_NO_PIC = NO;
				GCC_OPTIMIZATION_LEVEL = 0;
				GCC_PREPROCESSOR_DEFINITIONS = (
					"DEBUG=1",
					"$(inherited)",
				);
				GCC_SYMBOLS_PRIVATE_EXTERN = NO;
				GCC_WARN_64_TO_32_BIT_CONVERSION = YES;
				GCC_WARN_ABOUT_RETURN_TYPE = YES_ERROR;
				GCC_WARN_UNDECLARED_SELECTOR = YES;
				GCC_WARN_UNINITIALIZED_AUTOS = YES;
				GCC_WARN_UNUSED_FUNCTION = YES;
				GCC_WARN_UNUSED_VARIABLE = YES;
				IPHONEOS_DEPLOYMENT_TARGET = 7.0;
				ONLY_ACTIVE_ARCH = YES;
				SDKROOT = iphoneos;
			};
			name = Debug;
		};
		855B04CC187E2727008EDE5D /* Release */ = {
			isa = XCBuildConfiguration;
			buildSettings = {
				ALWAYS_SEARCH_USER_PATHS = NO;
				ARCHS = "$(ARCHS_STANDARD_INCLUDING_64_BIT)";
				CLANG_CXX_LANGUAGE_STANDARD = "gnu++0x";
				CLANG_CXX_LIBRARY = "libc++";
				CLANG_ENABLE_MODULES = YES;
				CLANG_ENABLE_OBJC_ARC = YES;
				CLANG_WARN_BOOL_CONVERSION = YES;
				CLANG_WARN_CONSTANT_CONVERSION = YES;
				CLANG_WARN_DIRECT_OBJC_ISA_USAGE = YES_ERROR;
				CLANG_WARN_EMPTY_BODY = YES;
				CLANG_WARN_ENUM_CONVERSION = YES;
				CLANG_WARN_INT_CONVERSION = YES;
				CLANG_WARN_OBJC_ROOT_CLASS = YES_ERROR;
				CLANG_WARN__DUPLICATE_METHOD_MATCH = YES;
				"CODE_SIGN_IDENTITY[sdk=iphoneos*]" = "iPhone Developer";
				COPY_PHASE_STRIP = YES;
				ENABLE_NS_ASSERTIONS = NO;
				GCC_C_LANGUAGE_STANDARD = gnu99;
				GCC_WARN_64_TO_32_BIT_CONVERSION = YES;
				GCC_WARN_ABOUT_RETURN_TYPE = YES_ERROR;
				GCC_WARN_UNDECLARED_SELECTOR = YES;
				GCC_WARN_UNINITIALIZED_AUTOS = YES;
				GCC_WARN_UNUSED_FUNCTION = YES;
				GCC_WARN_UNUSED_VARIABLE = YES;
				IPHONEOS_DEPLOYMENT_TARGET = 7.0;
				SDKROOT = iphoneos;
				VALIDATE_PRODUCT = YES;
			};
			name = Release;
		};
		855B04CE187E2727008EDE5D /* Debug */ = {
			isa = XCBuildConfiguration;
			buildSettings = {
				ASSETCATALOG_COMPILER_APPICON_NAME = AppIcon;
				ASSETCATALOG_COMPILER_LAUNCHIMAGE_NAME = LaunchImage;
				GCC_PRECOMPILE_PREFIX_HEADER = YES;
				GCC_PREFIX_HEADER = "hitme/hitme-Prefix.pch";
				INFOPLIST_FILE = "hitme/hitme-Info.plist";
				PRODUCT_NAME = "$(TARGET_NAME)";
				WRAPPER_EXTENSION = app;
			};
			name = Debug;
		};
		855B04CF187E2727008EDE5D /* Release */ = {
			isa = XCBuildConfiguration;
			buildSettings = {
				ASSETCATALOG_COMPILER_APPICON_NAME = AppIcon;
				ASSETCATALOG_COMPILER_LAUNCHIMAGE_NAME = LaunchImage;
				GCC_PRECOMPILE_PREFIX_HEADER = YES;
				GCC_PREFIX_HEADER = "hitme/hitme-Prefix.pch";
				INFOPLIST_FILE = "hitme/hitme-Info.plist";
				PRODUCT_NAME = "$(TARGET_NAME)";
				WRAPPER_EXTENSION = app;
			};
			name = Release;
		};
		855B04D1187E2727008EDE5D /* Debug */ = {
			isa = XCBuildConfiguration;
			buildSettings = {
				ARCHS = "$(ARCHS_STANDARD_INCLUDING_64_BIT)";
				BUNDLE_LOADER = "$(BUILT_PRODUCTS_DIR)/hitme.app/hitme";
				FRAMEWORK_SEARCH_PATHS = (
					"$(SDKROOT)/Developer/Library/Frameworks",
					"$(inherited)",
					"$(DEVELOPER_FRAMEWORKS_DIR)",
				);
				GCC_PRECOMPILE_PREFIX_HEADER = YES;
				GCC_PREFIX_HEADER = "hitme/hitme-Prefix.pch";
				GCC_PREPROCESSOR_DEFINITIONS = (
					"DEBUG=1",
					"$(inherited)",
				);
				INFOPLIST_FILE = "hitmeTests/hitmeTests-Info.plist";
				PRODUCT_NAME = "$(TARGET_NAME)";
				TEST_HOST = "$(BUNDLE_LOADER)";
				WRAPPER_EXTENSION = xctest;
			};
			name = Debug;
		};
		855B04D2187E2727008EDE5D /* Release */ = {
			isa = XCBuildConfiguration;
			buildSettings = {
				ARCHS = "$(ARCHS_STANDARD_INCLUDING_64_BIT)";
				BUNDLE_LOADER = "$(BUILT_PRODUCTS_DIR)/hitme.app/hitme";
				FRAMEWORK_SEARCH_PATHS = (
					"$(SDKROOT)/Developer/Library/Frameworks",
					"$(inherited)",
					"$(DEVELOPER_FRAMEWORKS_DIR)",
				);
				GCC_PRECOMPILE_PREFIX_HEADER = YES;
				GCC_PREFIX_HEADER = "hitme/hitme-Prefix.pch";
				INFOPLIST_FILE = "hitmeTests/hitmeTests-Info.plist";
				PRODUCT_NAME = "$(TARGET_NAME)";
				TEST_HOST = "$(BUNDLE_LOADER)";
				WRAPPER_EXTENSION = xctest;
			};
			name = Release;
		};
/* End XCBuildConfiguration section */

/* Begin XCConfigurationList section */
		855B0496187E2725008EDE5D /* Build configuration list for PBXProject "hitme" */ = {
			isa = XCConfigurationList;
			buildConfigurations = (
				855B04CB187E2727008EDE5D /* Debug */,
				855B04CC187E2727008EDE5D /* Release */,
			);
			defaultConfigurationIsVisible = 0;
			defaultConfigurationName = Release;
		};
		855B04CD187E2727008EDE5D /* Build configuration list for PBXNativeTarget "hitme" */ = {
			isa = XCConfigurationList;
			buildConfigurations = (
				855B04CE187E2727008EDE5D /* Debug */,
				855B04CF187E2727008EDE5D /* Release */,
			);
			defaultConfigurationIsVisible = 0;
			defaultConfigurationName = Release;
		};
		855B04D0187E2727008EDE5D /* Build configuration list for PBXNativeTarget "hitmeTests" */ = {
			isa = XCConfigurationList;
			buildConfigurations = (
				855B04D1187E2727008EDE5D /* Debug */,
				855B04D2187E2727008EDE5D /* Release */,
			);
			defaultConfigurationIsVisible = 0;
			defaultConfigurationName = Release;
		};
/* End XCConfigurationList section */
	};
	rootObject = 855B0493187E2725008EDE5D /* Project object */;
}
