// !$*UTF8*$!
{
	archiveVersion = 1;
	classes = {
	};
	objectVersion = 46;
	objects = {

/* Begin PBXBuildFile section */
		3F2F576B197DEA2700A7F917 /* AppDelegate.swift in Sources */ = {isa = PBXBuildFile; fileRef = 3F2F576A197DEA2700A7F917 /* AppDelegate.swift */; };
		3F2F576D197DEA2700A7F917 /* ViewController.swift in Sources */ = {isa = PBXBuildFile; fileRef = 3F2F576C197DEA2700A7F917 /* ViewController.swift */; };
		3F2F5770197DEA2700A7F917 /* Main.storyboard in Resources */ = {isa = PBXBuildFile; fileRef = 3F2F576E197DEA2700A7F917 /* Main.storyboard */; };
		3F2F5772197DEA2700A7F917 /* Images.xcassets in Resources */ = {isa = PBXBuildFile; fileRef = 3F2F5771197DEA2700A7F917 /* Images.xcassets */; };
		3F2F577E197DEA2700A7F917 /* TipCalculatorTests.swift in Sources */ = {isa = PBXBuildFile; fileRef = 3F2F577D197DEA2700A7F917 /* TipCalculatorTests.swift */; };
		3F2F5788197DF07400A7F917 /* TipCalculatorModel.swift in Sources */ = {isa = PBXBuildFile; fileRef = 3F2F5787197DF07400A7F917 /* TipCalculatorModel.swift */; };
/* End PBXBuildFile section */

/* Begin PBXContainerItemProxy section */
		3F2F5778197DEA2700A7F917 /* PBXContainerItemProxy */ = {
			isa = PBXContainerItemProxy;
			containerPortal = 3F2F575D197DEA2700A7F917 /* Project object */;
			proxyType = 1;
			remoteGlobalIDString = 3F2F5764197DEA2700A7F917;
			remoteInfo = TipCalculator;
		};
/* End PBXContainerItemProxy section */

/* Begin PBXFileReference section */
		3F2F5765197DEA2700A7F917 /* TipCalculator.app */ = {isa = PBXFileReference; explicitFileType = wrapper.application; includeInIndex = 0; path = TipCalculator.app; sourceTree = BUILT_PRODUCTS_DIR; };
		3F2F5769197DEA2700A7F917 /* Info.plist */ = {isa = PBXFileReference; lastKnownFileType = text.plist.xml; path = Info.plist; sourceTree = "<group>"; };
		3F2F576A197DEA2700A7F917 /* AppDelegate.swift */ = {isa = PBXFileReference; lastKnownFileType = sourcecode.swift; path = AppDelegate.swift; sourceTree = "<group>"; };
		3F2F576C197DEA2700A7F917 /* ViewController.swift */ = {isa = PBXFileReference; lastKnownFileType = sourcecode.swift; path = ViewController.swift; sourceTree = "<group>"; };
		3F2F576F197DEA2700A7F917 /* Base */ = {isa = PBXFileReference; lastKnownFileType = file.storyboard; name = Base; path = Base.lproj/Main.storyboard; sourceTree = "<group>"; };
		3F2F5771197DEA2700A7F917 /* Images.xcassets */ = {isa = PBXFileReference; lastKnownFileType = folder.assetcatalog; path = Images.xcassets; sourceTree = "<group>"; };
		3F2F5777197DEA2700A7F917 /* TipCalculatorTests.xctest */ = {isa = PBXFileReference; explicitFileType = wrapper.cfbundle; includeInIndex = 0; path = TipCalculatorTests.xctest; sourceTree = BUILT_PRODUCTS_DIR; };
		3F2F577C197DEA2700A7F917 /* Info.plist */ = {isa = PBXFileReference; lastKnownFileType = text.plist.xml; path = Info.plist; sourceTree = "<group>"; };
		3F2F577D197DEA2700A7F917 /* TipCalculatorTests.swift */ = {isa = PBXFileReference; lastKnownFileType = sourcecode.swift; path = TipCalculatorTests.swift; sourceTree = "<group>"; };
		3F2F5787197DF07400A7F917 /* TipCalculatorModel.swift */ = {isa = PBXFileReference; fileEncoding = 4; lastKnownFileType = sourcecode.swift; path = TipCalculatorModel.swift; sourceTree = "<group>"; };
/* End PBXFileReference section */

/* Begin PBXFrameworksBuildPhase section */
		3F2F5762197DEA2700A7F917 /* Frameworks */ = {
			isa = PBXFrameworksBuildPhase;
			buildActionMask = 2147483647;
			files = (
			);
			runOnlyForDeploymentPostprocessing = 0;
		};
		3F2F5774197DEA2700A7F917 /* Frameworks */ = {
			isa = PBXFrameworksBuildPhase;
			buildActionMask = 2147483647;
			files = (
			);
			runOnlyForDeploymentPostprocessing = 0;
		};
/* End PBXFrameworksBuildPhase section */

/* Begin PBXGroup section */
		3F2F575C197DEA2700A7F917 = {
			isa = PBXGroup;
			children = (
				3F2F5767197DEA2700A7F917 /* TipCalculator */,
				3F2F577A197DEA2700A7F917 /* TipCalculatorTests */,
				3F2F5766197DEA2700A7F917 /* Products */,
			);
			sourceTree = "<group>";
		};
		3F2F5766197DEA2700A7F917 /* Products */ = {
			isa = PBXGroup;
			children = (
				3F2F5765197DEA2700A7F917 /* TipCalculator.app */,
				3F2F5777197DEA2700A7F917 /* TipCalculatorTests.xctest */,
			);
			name = Products;
			sourceTree = "<group>";
		};
		3F2F5767197DEA2700A7F917 /* TipCalculator */ = {
			isa = PBXGroup;
			children = (
				3F2F576A197DEA2700A7F917 /* AppDelegate.swift */,
				3F2F576C197DEA2700A7F917 /* ViewController.swift */,
				3F2F576E197DEA2700A7F917 /* Main.storyboard */,
				3F2F5771197DEA2700A7F917 /* Images.xcassets */,
				3F2F5768197DEA2700A7F917 /* Supporting Files */,
				3F2F5787197DF07400A7F917 /* TipCalculatorModel.swift */,
			);
			path = TipCalculator;
			sourceTree = "<group>";
		};
		3F2F5768197DEA2700A7F917 /* Supporting Files */ = {
			isa = PBXGroup;
			children = (
				3F2F5769197DEA2700A7F917 /* Info.plist */,
			);
			name = "Supporting Files";
			sourceTree = "<group>";
		};
		3F2F577A197DEA2700A7F917 /* TipCalculatorTests */ = {
			isa = PBXGroup;
			children = (
				3F2F577D197DEA2700A7F917 /* TipCalculatorTests.swift */,
				3F2F577B197DEA2700A7F917 /* Supporting Files */,
			);
			path = TipCalculatorTests;
			sourceTree = "<group>";
		};
		3F2F577B197DEA2700A7F917 /* Supporting Files */ = {
			isa = PBXGroup;
			children = (
				3F2F577C197DEA2700A7F917 /* Info.plist */,
			);
			name = "Supporting Files";
			sourceTree = "<group>";
		};
/* End PBXGroup section */

/* Begin PBXNativeTarget section */
		3F2F5764197DEA2700A7F917 /* TipCalculator */ = {
			isa = PBXNativeTarget;
			buildConfigurationList = 3F2F5781197DEA2700A7F917 /* Build configuration list for PBXNativeTarget "TipCalculator" */;
			buildPhases = (
				3F2F5761197DEA2700A7F917 /* Sources */,
				3F2F5762197DEA2700A7F917 /* Frameworks */,
				3F2F5763197DEA2700A7F917 /* Resources */,
			);
			buildRules = (
			);
			dependencies = (
			);
			name = TipCalculator;
			productName = TipCalculator;
			productReference = 3F2F5765197DEA2700A7F917 /* TipCalculator.app */;
			productType = "com.apple.product-type.application";
		};
		3F2F5776197DEA2700A7F917 /* TipCalculatorTests */ = {
			isa = PBXNativeTarget;
			buildConfigurationList = 3F2F5784197DEA2700A7F917 /* Build configuration list for PBXNativeTarget "TipCalculatorTests" */;
			buildPhases = (
				3F2F5773197DEA2700A7F917 /* Sources */,
				3F2F5774197DEA2700A7F917 /* Frameworks */,
				3F2F5775197DEA2700A7F917 /* Resources */,
			);
			buildRules = (
			);
			dependencies = (
				3F2F5779197DEA2700A7F917 /* PBXTargetDependency */,
			);
			name = TipCalculatorTests;
			productName = TipCalculatorTests;
			productReference = 3F2F5777197DEA2700A7F917 /* TipCalculatorTests.xctest */;
			productType = "com.apple.product-type.bundle.unit-test";
		};
/* End PBXNativeTarget section */

/* Begin PBXProject section */
		3F2F575D197DEA2700A7F917 /* Project object */ = {
			isa = PBXProject;
			attributes = {
				LastUpgradeCheck = 0600;
				ORGANIZATIONNAME = "___CMU___";
				TargetAttributes = {
					3F2F5764197DEA2700A7F917 = {
						CreatedOnToolsVersion = 6.0;
						DevelopmentTeam = 7KKLU7B38Y;
					};
					3F2F5776197DEA2700A7F917 = {
						CreatedOnToolsVersion = 6.0;
						TestTargetID = 3F2F5764197DEA2700A7F917;
					};
				};
			};
			buildConfigurationList = 3F2F5760197DEA2700A7F917 /* Build configuration list for PBXProject "TipCalculator" */;
			compatibilityVersion = "Xcode 3.2";
			developmentRegion = English;
			hasScannedForEncodings = 0;
			knownRegions = (
				en,
				Base,
			);
			mainGroup = 3F2F575C197DEA2700A7F917;
			productRefGroup = 3F2F5766197DEA2700A7F917 /* Products */;
			projectDirPath = "";
			projectRoot = "";
			targets = (
				3F2F5764197DEA2700A7F917 /* TipCalculator */,
				3F2F5776197DEA2700A7F917 /* TipCalculatorTests */,
			);
		};
/* End PBXProject section */

/* Begin PBXResourcesBuildPhase section */
		3F2F5763197DEA2700A7F917 /* Resources */ = {
			isa = PBXResourcesBuildPhase;
			buildActionMask = 2147483647;
			files = (
				3F2F5770197DEA2700A7F917 /* Main.storyboard in Resources */,
				3F2F5772197DEA2700A7F917 /* Images.xcassets in Resources */,
			);
			runOnlyForDeploymentPostprocessing = 0;
		};
		3F2F5775197DEA2700A7F917 /* Resources */ = {
			isa = PBXResourcesBuildPhase;
			buildActionMask = 2147483647;
			files = (
			);
			runOnlyForDeploymentPostprocessing = 0;
		};
/* End PBXResourcesBuildPhase section */

/* Begin PBXSourcesBuildPhase section */
		3F2F5761197DEA2700A7F917 /* Sources */ = {
			isa = PBXSourcesBuildPhase;
			buildActionMask = 2147483647;
			files = (
				3F2F5788197DF07400A7F917 /* TipCalculatorModel.swift in Sources */,
				3F2F576D197DEA2700A7F917 /* ViewController.swift in Sources */,
				3F2F576B197DEA2700A7F917 /* AppDelegate.swift in Sources */,
			);
			runOnlyForDeploymentPostprocessing = 0;
		};
		3F2F5773197DEA2700A7F917 /* Sources */ = {
			isa = PBXSourcesBuildPhase;
			buildActionMask = 2147483647;
			files = (
				3F2F577E197DEA2700A7F917 /* TipCalculatorTests.swift in Sources */,
			);
			runOnlyForDeploymentPostprocessing = 0;
		};
/* End PBXSourcesBuildPhase section */

/* Begin PBXTargetDependency section */
		3F2F5779197DEA2700A7F917 /* PBXTargetDependency */ = {
			isa = PBXTargetDependency;
			target = 3F2F5764197DEA2700A7F917 /* TipCalculator */;
			targetProxy = 3F2F5778197DEA2700A7F917 /* PBXContainerItemProxy */;
		};
/* End PBXTargetDependency section */

/* Begin PBXVariantGroup section */
		3F2F576E197DEA2700A7F917 /* Main.storyboard */ = {
			isa = PBXVariantGroup;
			children = (
				3F2F576F197DEA2700A7F917 /* Base */,
			);
			name = Main.storyboard;
			sourceTree = "<group>";
		};
/* End PBXVariantGroup section */

/* Begin XCBuildConfiguration section */
		3F2F577F197DEA2700A7F917 /* Debug */ = {
			isa = XCBuildConfiguration;
			buildSettings = {
				ALWAYS_SEARCH_USER_PATHS = NO;
				CLANG_CXX_LANGUAGE_STANDARD = "gnu++0x";
				CLANG_CXX_LIBRARY = "libc++";
				CLANG_ENABLE_MODULES = YES;
				CLANG_ENABLE_OBJC_ARC = YES;
				CLANG_WARN_BOOL_CONVERSION = YES;
				CLANG_WARN_CONSTANT_CONVERSION = YES;
				CLANG_WARN_DIRECT_OBJC_ISA_USAGE = YES_ERROR;
				CLANG_WARN_EMPTY_BODY = YES;
				CLANG_WARN_ENUM_CONVERSION = YES;
				CLANG_WARN_INT_CONVERSION = YES;
				CLANG_WARN_OBJC_ROOT_CLASS = YES_ERROR;
				CLANG_WARN_UNREACHABLE_CODE = YES;
				CLANG_WARN__DUPLICATE_METHOD_MATCH = YES;
				"CODE_SIGN_IDENTITY[sdk=iphoneos*]" = "iPhone Developer";
				COPY_PHASE_STRIP = NO;
				ENABLE_STRICT_OBJC_MSGSEND = YES;
				GCC_C_LANGUAGE_STANDARD = gnu99;
				GCC_DYNAMIC_NO_PIC = NO;
				GCC_OPTIMIZATION_LEVEL = 0;
				GCC_PREPROCESSOR_DEFINITIONS = (
					"DEBUG=1",
					"$(inherited)",
				);
				GCC_SYMBOLS_PRIVATE_EXTERN = NO;
				GCC_WARN_64_TO_32_BIT_CONVERSION = YES;
				GCC_WARN_ABOUT_RETURN_TYPE = YES_ERROR;
				GCC_WARN_UNDECLARED_SELECTOR = YES;
				GCC_WARN_UNINITIALIZED_AUTOS = YES_AGGRESSIVE;
				GCC_WARN_UNUSED_FUNCTION = YES;
				GCC_WARN_UNUSED_VARIABLE = YES;
				IPHONEOS_DEPLOYMENT_TARGET = 8.0;
				MTL_ENABLE_DEBUG_INFO = YES;
				ONLY_ACTIVE_ARCH = YES;
				SDKROOT = iphoneos;
				SWIFT_OPTIMIZATION_LEVEL = "-Onone";
			};
			name = Debug;
		};
		3F2F5780197DEA2700A7F917 /* Release */ = {
			isa = XCBuildConfiguration;
			buildSettings = {
				ALWAYS_SEARCH_USER_PATHS = NO;
				CLANG_CXX_LANGUAGE_STANDARD = "gnu++0x";
				CLANG_CXX_LIBRARY = "libc++";
				CLANG_ENABLE_MODULES = YES;
				CLANG_ENABLE_OBJC_ARC = YES;
				CLANG_WARN_BOOL_CONVERSION = YES;
				CLANG_WARN_CONSTANT_CONVERSION = YES;
				CLANG_WARN_DIRECT_OBJC_ISA_USAGE = YES_ERROR;
				CLANG_WARN_EMPTY_BODY = YES;
				CLANG_WARN_ENUM_CONVERSION = YES;
				CLANG_WARN_INT_CONVERSION = YES;
				CLANG_WARN_OBJC_ROOT_CLASS = YES_ERROR;
				CLANG_WARN_UNREACHABLE_CODE = YES;
				CLANG_WARN__DUPLICATE_METHOD_MATCH = YES;
				"CODE_SIGN_IDENTITY[sdk=iphoneos*]" = "iPhone Developer";
				COPY_PHASE_STRIP = YES;
				ENABLE_NS_ASSERTIONS = NO;
				ENABLE_STRICT_OBJC_MSGSEND = YES;
				GCC_C_LANGUAGE_STANDARD = gnu99;
				GCC_WARN_64_TO_32_BIT_CONVERSION = YES;
				GCC_WARN_ABOUT_RETURN_TYPE = YES_ERROR;
				GCC_WARN_UNDECLARED_SELECTOR = YES;
				GCC_WARN_UNINITIALIZED_AUTOS = YES_AGGRESSIVE;
				GCC_WARN_UNUSED_FUNCTION = YES;
				GCC_WARN_UNUSED_VARIABLE = YES;
				IPHONEOS_DEPLOYMENT_TARGET = 8.0;
				MTL_ENABLE_DEBUG_INFO = NO;
				SDKROOT = iphoneos;
				VALIDATE_PRODUCT = YES;
			};
			name = Release;
		};
		3F2F5782197DEA2700A7F917 /* Debug */ = {
			isa = XCBuildConfiguration;
			buildSettings = {
				ASSETCATALOG_COMPILER_APPICON_NAME = AppIcon;
				ASSETCATALOG_COMPILER_LAUNCHIMAGE_NAME = LaunchImage;
				CODE_SIGN_IDENTITY = "iPhone Developer";
				INFOPLIST_FILE = TipCalculator/Info.plist;
				IPHONEOS_DEPLOYMENT_TARGET = 7.1;
				LD_RUNPATH_SEARCH_PATHS = "$(inherited) @executable_path/Frameworks";
				PRODUCT_NAME = "$(TARGET_NAME)";
			};
			name = Debug;
		};
		3F2F5783197DEA2700A7F917 /* Release */ = {
			isa = XCBuildConfiguration;
			buildSettings = {
				ASSETCATALOG_COMPILER_APPICON_NAME = AppIcon;
				ASSETCATALOG_COMPILER_LAUNCHIMAGE_NAME = LaunchImage;
				CODE_SIGN_IDENTITY = "iPhone Developer";
				INFOPLIST_FILE = TipCalculator/Info.plist;
				IPHONEOS_DEPLOYMENT_TARGET = 7.1;
				LD_RUNPATH_SEARCH_PATHS = "$(inherited) @executable_path/Frameworks";
				PRODUCT_NAME = "$(TARGET_NAME)";
			};
			name = Release;
		};
		3F2F5785197DEA2700A7F917 /* Debug */ = {
			isa = XCBuildConfiguration;
			buildSettings = {
				BUNDLE_LOADER = "$(BUILT_PRODUCTS_DIR)/TipCalculator.app/TipCalculator";
				FRAMEWORK_SEARCH_PATHS = (
					"$(SDKROOT)/Developer/Library/Frameworks",
					"$(inherited)",
				);
				GCC_PREPROCESSOR_DEFINITIONS = (
					"DEBUG=1",
					"$(inherited)",
				);
				INFOPLIST_FILE = TipCalculatorTests/Info.plist;
				LD_RUNPATH_SEARCH_PATHS = "$(inherited) @executable_path/Frameworks @loader_path/Frameworks";
				PRODUCT_NAME = "$(TARGET_NAME)";
				TEST_HOST = "$(BUNDLE_LOADER)";
			};
			name = Debug;
		};
		3F2F5786197DEA2700A7F917 /* Release */ = {
			isa = XCBuildConfiguration;
			buildSettings = {
				BUNDLE_LOADER = "$(BUILT_PRODUCTS_DIR)/TipCalculator.app/TipCalculator";
				FRAMEWORK_SEARCH_PATHS = (
					"$(SDKROOT)/Developer/Library/Frameworks",
					"$(inherited)",
				);
				INFOPLIST_FILE = TipCalculatorTests/Info.plist;
				LD_RUNPATH_SEARCH_PATHS = "$(inherited) @executable_path/Frameworks @loader_path/Frameworks";
				PRODUCT_NAME = "$(TARGET_NAME)";
				TEST_HOST = "$(BUNDLE_LOADER)";
			};
			name = Release;
		};
/* End XCBuildConfiguration section */

/* Begin XCConfigurationList section */
		3F2F5760197DEA2700A7F917 /* Build configuration list for PBXProject "TipCalculator" */ = {
			isa = XCConfigurationList;
			buildConfigurations = (
				3F2F577F197DEA2700A7F917 /* Debug */,
				3F2F5780197DEA2700A7F917 /* Release */,
			);
			defaultConfigurationIsVisible = 0;
			defaultConfigurationName = Release;
		};
		3F2F5781197DEA2700A7F917 /* Build configuration list for PBXNativeTarget "TipCalculator" */ = {
			isa = XCConfigurationList;
			buildConfigurations = (
				3F2F5782197DEA2700A7F917 /* Debug */,
				3F2F5783197DEA2700A7F917 /* Release */,
			);
			defaultConfigurationIsVisible = 0;
			defaultConfigurationName = Release;
		};
		3F2F5784197DEA2700A7F917 /* Build configuration list for PBXNativeTarget "TipCalculatorTests" */ = {
			isa = XCConfigurationList;
			buildConfigurations = (
				3F2F5785197DEA2700A7F917 /* Debug */,
				3F2F5786197DEA2700A7F917 /* Release */,
			);
			defaultConfigurationIsVisible = 0;
			defaultConfigurationName = Release;
		};
/* End XCConfigurationList section */
	};
	rootObject = 3F2F575D197DEA2700A7F917 /* Project object */;
}
